// !$*UTF8*$!
{
	archiveVersion = 1;
	classes = {
	};
	objectVersion = 77;
	objects = {

/* Begin PBXBuildFile section */
		34D845903005430000731F4F /* SplitBillCore in Frameworks */ = {isa = PBXBuildFile; productRef = 34D845913005430000731F4F /* SplitBillCore */; };
		34D845963005430000731F4F /* SplitBillSync in Frameworks */ = {isa = PBXBuildFile; productRef = 34D845953005430000731F4F /* SplitBillSync */; };
		34E50C80300FACC9000B30AF /* SplitrClip.app in Embed App Clips */ = {isa = PBXBuildFile; fileRef = 34E50C74300FACC8000B30AF /* SplitrClip.app */; settings = {ATTRIBUTES = (RemoveHeadersOnCopy, ); }; };
		34E50C88300FBD66000B30AF /* SplitBillCore in Frameworks */ = {isa = PBXBuildFile; productRef = 34E50C87300FBD66000B30AF /* SplitBillCore */; };
		34E50C8B300FCD2A000B30AF /* SplitBillRelay in Frameworks */ = {isa = PBXBuildFile; productRef = 34E50C8A300FCD2A000B30AF /* SplitBillRelay */; };
		34E50C8D300FD157000B30AF /* SplitBillRelay in Frameworks */ = {isa = PBXBuildFile; productRef = 34E50C8C300FD157000B30AF /* SplitBillRelay */; };
/* End PBXBuildFile section */

/* Begin PBXContainerItemProxy section */
		34D845673005421700731F4F /* PBXContainerItemProxy */ = {
			isa = PBXContainerItemProxy;
			containerPortal = 34D845513005421600731F4F /* Project object */;
			proxyType = 1;
			remoteGlobalIDString = 34D845583005421600731F4F;
			remoteInfo = splitr;
		};
		34E50C7E300FACC9000B30AF /* PBXContainerItemProxy */ = {
			isa = PBXContainerItemProxy;
			containerPortal = 34D845513005421600731F4F /* Project object */;
			proxyType = 1;
			remoteGlobalIDString = 34E50C73300FACC8000B30AF;
			remoteInfo = SplitrClip;
		};
/* End PBXContainerItemProxy section */

/* Begin PBXCopyFilesBuildPhase section */
		34E50C81300FACC9000B30AF /* Embed App Clips */ = {
			isa = PBXCopyFilesBuildPhase;
			buildActionMask = 2147483647;
			dstPath = "$(CONTENTS_FOLDER_PATH)/AppClips";
			dstSubfolderSpec = 16;
			files = (
				34E50C80300FACC9000B30AF /* SplitrClip.app in Embed App Clips */,
			);
			name = "Embed App Clips";
			runOnlyForDeploymentPostprocessing = 0;
		};
/* End PBXCopyFilesBuildPhase section */

/* Begin PBXFileReference section */
		34D845593005421600731F4F /* splitr.app */ = {isa = PBXFileReference; explicitFileType = wrapper.application; includeInIndex = 0; path = splitr.app; sourceTree = BUILT_PRODUCTS_DIR; };
		34D845663005421700731F4F /* splitrTests.xctest */ = {isa = PBXFileReference; explicitFileType = wrapper.cfbundle; includeInIndex = 0; path = splitrTests.xctest; sourceTree = BUILT_PRODUCTS_DIR; };
		34E50C74300FACC8000B30AF /* SplitrClip.app */ = {isa = PBXFileReference; explicitFileType = wrapper.application; includeInIndex = 0; path = SplitrClip.app; sourceTree = BUILT_PRODUCTS_DIR; };
/* End PBXFileReference section */

/* Begin PBXFileSystemSynchronizedBuildFileExceptionSet section */
		34D84585300542D700731F4F /* Exceptions for "splitr" folder in "splitr" target */ = {
			isa = PBXFileSystemSynchronizedBuildFileExceptionSet;
			membershipExceptions = (
				Info.plist,
			);
			target = 34D845583005421600731F4F /* splitr */;
		};
		34E50C85300FACC9000B30AF /* Exceptions for "SplitrClip" folder in "SplitrClip" target */ = {
			isa = PBXFileSystemSynchronizedBuildFileExceptionSet;
			membershipExceptions = (
				Info.plist,
			);
			target = 34E50C73300FACC8000B30AF /* SplitrClip */;
		};
/* End PBXFileSystemSynchronizedBuildFileExceptionSet section */

/* Begin PBXFileSystemSynchronizedRootGroup section */
		34D8455B3005421600731F4F /* splitr */ = {
			isa = PBXFileSystemSynchronizedRootGroup;
			exceptions = (
				34D84585300542D700731F4F /* Exceptions for "splitr" folder in "splitr" target */,
			);
			path = splitr;
			sourceTree = "<group>";
		};
		34D845693005421700731F4F /* splitrTests */ = {
			isa = PBXFileSystemSynchronizedRootGroup;
			path = splitrTests;
			sourceTree = "<group>";
		};
		34E50C75300FACC8000B30AF /* SplitrClip */ = {
			isa = PBXFileSystemSynchronizedRootGroup;
			exceptions = (
				34E50C85300FACC9000B30AF /* Exceptions for "SplitrClip" folder in "SplitrClip" target */,
			);
			path = SplitrClip;
			sourceTree = "<group>";
		};
/* End PBXFileSystemSynchronizedRootGroup section */

/* Begin PBXFrameworksBuildPhase section */
		34D845563005421600731F4F /* Frameworks */ = {
			isa = PBXFrameworksBuildPhase;
			buildActionMask = 2147483647;
			files = (
				34E50C8D300FD157000B30AF /* SplitBillRelay in Frameworks */,
				34D845903005430000731F4F /* SplitBillCore in Frameworks */,
				34D845963005430000731F4F /* SplitBillSync in Frameworks */,
			);
			runOnlyForDeploymentPostprocessing = 0;
		};
		34D845633005421700731F4F /* Frameworks */ = {
			isa = PBXFrameworksBuildPhase;
			buildActionMask = 2147483647;
			files = (
			);
			runOnlyForDeploymentPostprocessing = 0;
		};
		34E50C71300FACC8000B30AF /* Frameworks */ = {
			isa = PBXFrameworksBuildPhase;
			buildActionMask = 2147483647;
			files = (
				34E50C8B300FCD2A000B30AF /* SplitBillRelay in Frameworks */,
				34E50C88300FBD66000B30AF /* SplitBillCore in Frameworks */,
			);
			runOnlyForDeploymentPostprocessing = 0;
		};
/* End PBXFrameworksBuildPhase section */

/* Begin PBXGroup section */
		34D845503005421600731F4F = {
			isa = PBXGroup;
			children = (
				34D8455B3005421600731F4F /* splitr */,
				34D845693005421700731F4F /* splitrTests */,
				34E50C75300FACC8000B30AF /* SplitrClip */,
				34E50C86300FBD66000B30AF /* Frameworks */,
				34D8455A3005421600731F4F /* Products */,
			);
			sourceTree = "<group>";
		};
		34D8455A3005421600731F4F /* Products */ = {
			isa = PBXGroup;
			children = (
				34D845593005421600731F4F /* splitr.app */,
				34D845663005421700731F4F /* splitrTests.xctest */,
				34E50C74300FACC8000B30AF /* SplitrClip.app */,
			);
			name = Products;
			sourceTree = "<group>";
		};
		34E50C86300FBD66000B30AF /* Frameworks */ = {
			isa = PBXGroup;
			children = (
			);
			name = Frameworks;
			sourceTree = "<group>";
		};
/* End PBXGroup section */

/* Begin PBXNativeTarget section */
		34D845583005421600731F4F /* splitr */ = {
			isa = PBXNativeTarget;
			buildConfigurationList = 34D8457A3005421700731F4F /* Build configuration list for PBXNativeTarget "splitr" */;
			buildPhases = (
				34D845553005421600731F4F /* Sources */,
				34D845563005421600731F4F /* Frameworks */,
				34D845573005421600731F4F /* Resources */,
				34E50C81300FACC9000B30AF /* Embed App Clips */,
			);
			buildRules = (
			);
			dependencies = (
				34E50C7F300FACC9000B30AF /* PBXTargetDependency */,
			);
			fileSystemSynchronizedGroups = (
				34D8455B3005421600731F4F /* splitr */,
			);
			name = splitr;
			packageProductDependencies = (
				34D845913005430000731F4F /* SplitBillCore */,
				34D845953005430000731F4F /* SplitBillSync */,
				34E50C8C300FD157000B30AF /* SplitBillRelay */,
			);
			productName = splitr;
			productReference = 34D845593005421600731F4F /* splitr.app */;
			productType = "com.apple.product-type.application";
		};
		34D845653005421700731F4F /* splitrTests */ = {
			isa = PBXNativeTarget;
			buildConfigurationList = 34D8457D3005421700731F4F /* Build configuration list for PBXNativeTarget "splitrTests" */;
			buildPhases = (
				34D845623005421700731F4F /* Sources */,
				34D845633005421700731F4F /* Frameworks */,
				34D845643005421700731F4F /* Resources */,
			);
			buildRules = (
			);
			dependencies = (
				34D845683005421700731F4F /* PBXTargetDependency */,
			);
			fileSystemSynchronizedGroups = (
				34D845693005421700731F4F /* splitrTests */,
			);
			name = splitrTests;
			packageProductDependencies = (
			);
			productName = splitrTests;
			productReference = 34D845663005421700731F4F /* splitrTests.xctest */;
			productType = "com.apple.product-type.bundle.unit-test";
		};
		34E50C73300FACC8000B30AF /* SplitrClip */ = {
			isa = PBXNativeTarget;
			buildConfigurationList = 34E50C84300FACC9000B30AF /* Build configuration list for PBXNativeTarget "SplitrClip" */;
			buildPhases = (
				34E50C70300FACC8000B30AF /* Sources */,
				34E50C71300FACC8000B30AF /* Frameworks */,
				34E50C72300FACC8000B30AF /* Resources */,
			);
			buildRules = (
			);
			dependencies = (
			);
			fileSystemSynchronizedGroups = (
				34E50C75300FACC8000B30AF /* SplitrClip */,
			);
			name = SplitrClip;
			packageProductDependencies = (
				34E50C87300FBD66000B30AF /* SplitBillCore */,
				34E50C8A300FCD2A000B30AF /* SplitBillRelay */,
			);
			productName = SplitrClip;
			productReference = 34E50C74300FACC8000B30AF /* SplitrClip.app */;
			productType = "com.apple.product-type.application.on-demand-install-capable";
		};
/* End PBXNativeTarget section */

/* Begin PBXProject section */
		34D845513005421600731F4F /* Project object */ = {
			isa = PBXProject;
			attributes = {
				BuildIndependentTargetsInParallel = 1;
				LastSwiftUpdateCheck = 2640;
				LastUpgradeCheck = 2660;
				TargetAttributes = {
					34D845583005421600731F4F = {
						CreatedOnToolsVersion = 26.4;
					};
					34D845653005421700731F4F = {
						CreatedOnToolsVersion = 26.4;
						TestTargetID = 34D845583005421600731F4F;
					};
					34E50C73300FACC8000B30AF = {
						CreatedOnToolsVersion = 26.4;
					};
				};
			};
			buildConfigurationList = 34D845543005421600731F4F /* Build configuration list for PBXProject "splitr" */;
			developmentRegion = en;
			hasScannedForEncodings = 0;
			knownRegions = (
				en,
				Base,
			);
			mainGroup = 34D845503005421600731F4F;
			minimizedProjectReferenceProxies = 1;
			packageReferences = (
				34D845923005430000731F4F /* XCLocalSwiftPackageReference "Packages/SplitBillCore" */,
				34D845943005430000731F4F /* XCLocalSwiftPackageReference "Packages/SplitBillSync" */,
				34E50C89300FCCB5000B30AF /* XCLocalSwiftPackageReference "Packages/SplitBillRelay" */,
			);
			preferredProjectObjectVersion = 77;
			productRefGroup = 34D8455A3005421600731F4F /* Products */;
			projectDirPath = "";
			projectRoot = "";
			targets = (
				34D845583005421600731F4F /* splitr */,
				34D845653005421700731F4F /* splitrTests */,
				34E50C73300FACC8000B30AF /* SplitrClip */,
			);
		};
/* End PBXProject section */

/* Begin PBXResourcesBuildPhase section */
		34D845573005421600731F4F /* Resources */ = {
			isa = PBXResourcesBuildPhase;
			buildActionMask = 2147483647;
			files = (
			);
			runOnlyForDeploymentPostprocessing = 0;
		};
		34D845643005421700731F4F /* Resources */ = {
			isa = PBXResourcesBuildPhase;
			buildActionMask = 2147483647;
			files = (
			);
			runOnlyForDeploymentPostprocessing = 0;
		};
		34E50C72300FACC8000B30AF /* Resources */ = {
			isa = PBXResourcesBuildPhase;
			buildActionMask = 2147483647;
			files = (
			);
			runOnlyForDeploymentPostprocessing = 0;
		};
/* End PBXResourcesBuildPhase section */

/* Begin PBXSourcesBuildPhase section */
		34D845553005421600731F4F /* Sources */ = {
			isa = PBXSourcesBuildPhase;
			buildActionMask = 2147483647;
			files = (
			);
			runOnlyForDeploymentPostprocessing = 0;
		};
		34D845623005421700731F4F /* Sources */ = {
			isa = PBXSourcesBuildPhase;
			buildActionMask = 2147483647;
			files = (
			);
			runOnlyForDeploymentPostprocessing = 0;
		};
		34E50C70300FACC8000B30AF /* Sources */ = {
			isa = PBXSourcesBuildPhase;
			buildActionMask = 2147483647;
			files = (
			);
			runOnlyForDeploymentPostprocessing = 0;
		};
/* End PBXSourcesBuildPhase section */

/* Begin PBXTargetDependency section */
		34D845683005421700731F4F /* PBXTargetDependency */ = {
			isa = PBXTargetDependency;
			target = 34D845583005421600731F4F /* splitr */;
			targetProxy = 34D845673005421700731F4F /* PBXContainerItemProxy */;
		};
		34E50C7F300FACC9000B30AF /* PBXTargetDependency */ = {
			isa = PBXTargetDependency;
			target = 34E50C73300FACC8000B30AF /* SplitrClip */;
			targetProxy = 34E50C7E300FACC9000B30AF /* PBXContainerItemProxy */;
		};
/* End PBXTargetDependency section */

/* Begin XCBuildConfiguration section */
		34D845783005421700731F4F /* Debug */ = {
			isa = XCBuildConfiguration;
			buildSettings = {
				ALWAYS_SEARCH_USER_PATHS = NO;
				ASSETCATALOG_COMPILER_GENERATE_SWIFT_ASSET_SYMBOL_EXTENSIONS = YES;
				CLANG_ANALYZER_NONNULL = YES;
				CLANG_ANALYZER_NUMBER_OBJECT_CONVERSION = YES_AGGRESSIVE;
				CLANG_CXX_LANGUAGE_STANDARD = "gnu++20";
				CLANG_ENABLE_MODULES = YES;
				CLANG_ENABLE_OBJC_ARC = YES;
				CLANG_ENABLE_OBJC_WEAK = YES;
				CLANG_WARN_BLOCK_CAPTURE_AUTORELEASING = YES;
				CLANG_WARN_BOOL_CONVERSION = YES;
				CLANG_WARN_COMMA = YES;
				CLANG_WARN_CONSTANT_CONVERSION = YES;
				CLANG_WARN_DEPRECATED_OBJC_IMPLEMENTATIONS = YES;
				CLANG_WARN_DIRECT_OBJC_ISA_USAGE = YES_ERROR;
				CLANG_WARN_DOCUMENTATION_COMMENTS = YES;
				CLANG_WARN_EMPTY_BODY = YES;
				CLANG_WARN_ENUM_CONVERSION = YES;
				CLANG_WARN_INFINITE_RECURSION = YES;
				CLANG_WARN_INT_CONVERSION = YES;
				CLANG_WARN_NON_LITERAL_NULL_CONVERSION = YES;
				CLANG_WARN_OBJC_IMPLICIT_RETAIN_SELF = YES;
				CLANG_WARN_OBJC_LITERAL_CONVERSION = YES;
				CLANG_WARN_OBJC_ROOT_CLASS = YES_ERROR;
				CLANG_WARN_QUOTED_INCLUDE_IN_FRAMEWORK_HEADER = YES;
				CLANG_WARN_RANGE_LOOP_ANALYSIS = YES;
				CLANG_WARN_STRICT_PROTOTYPES = YES;
				CLANG_WARN_SUSPICIOUS_MOVE = YES;
				CLANG_WARN_UNGUARDED_AVAILABILITY = YES_AGGRESSIVE;
				CLANG_WARN_UNREACHABLE_CODE = YES;
				CLANG_WARN__DUPLICATE_METHOD_MATCH = YES;
				COPY_PHASE_STRIP = NO;
				DEBUG_INFORMATION_FORMAT = dwarf;
				DEVELOPMENT_TEAM = 7FF959KWLN;
				ENABLE_STRICT_OBJC_MSGSEND = YES;
				ENABLE_TESTABILITY = YES;
				ENABLE_USER_SCRIPT_SANDBOXING = YES;
				GCC_C_LANGUAGE_STANDARD = gnu17;
				GCC_DYNAMIC_NO_PIC = NO;
				GCC_NO_COMMON_BLOCKS = YES;
				GCC_OPTIMIZATION_LEVEL = 0;
				GCC_PREPROCESSOR_DEFINITIONS = (
					"DEBUG=1",
					"$(inherited)",
				);
				GCC_WARN_64_TO_32_BIT_CONVERSION = YES;
				GCC_WARN_ABOUT_RETURN_TYPE = YES_ERROR;
				GCC_WARN_UNDECLARED_SELECTOR = YES;
				GCC_WARN_UNINITIALIZED_AUTOS = YES_AGGRESSIVE;
				GCC_WARN_UNUSED_FUNCTION = YES;
				GCC_WARN_UNUSED_VARIABLE = YES;
				IPHONEOS_DEPLOYMENT_TARGET = 26.0;
				LOCALIZATION_PREFERS_STRING_CATALOGS = YES;
				MTL_ENABLE_DEBUG_INFO = INCLUDE_SOURCE;
				MTL_FAST_MATH = YES;
				ONLY_ACTIVE_ARCH = YES;
				SDKROOT = iphoneos;
				STRING_CATALOG_GENERATE_SYMBOLS = YES;
				SWIFT_ACTIVE_COMPILATION_CONDITIONS = "DEBUG $(inherited)";
				SWIFT_OPTIMIZATION_LEVEL = "-Onone";
			};
			name = Debug;
		};
		34D845793005421700731F4F /* Release */ = {
			isa = XCBuildConfiguration;
			buildSettings = {
				ALWAYS_SEARCH_USER_PATHS = NO;
				ASSETCATALOG_COMPILER_GENERATE_SWIFT_ASSET_SYMBOL_EXTENSIONS = YES;
				CLANG_ANALYZER_NONNULL = YES;
				CLANG_ANALYZER_NUMBER_OBJECT_CONVERSION = YES_AGGRESSIVE;
				CLANG_CXX_LANGUAGE_STANDARD = "gnu++20";
				CLANG_ENABLE_MODULES = YES;
				CLANG_ENABLE_OBJC_ARC = YES;
				CLANG_ENABLE_OBJC_WEAK = YES;
				CLANG_WARN_BLOCK_CAPTURE_AUTORELEASING = YES;
				CLANG_WARN_BOOL_CONVERSION = YES;
				CLANG_WARN_COMMA = YES;
				CLANG_WARN_CONSTANT_CONVERSION = YES;
				CLANG_WARN_DEPRECATED_OBJC_IMPLEMENTATIONS = YES;
				CLANG_WARN_DIRECT_OBJC_ISA_USAGE = YES_ERROR;
				CLANG_WARN_DOCUMENTATION_COMMENTS = YES;
				CLANG_WARN_EMPTY_BODY = YES;
				CLANG_WARN_ENUM_CONVERSION = YES;
				CLANG_WARN_INFINITE_RECURSION = YES;
				CLANG_WARN_INT_CONVERSION = YES;
				CLANG_WARN_NON_LITERAL_NULL_CONVERSION = YES;
				CLANG_WARN_OBJC_IMPLICIT_RETAIN_SELF = YES;
				CLANG_WARN_OBJC_LITERAL_CONVERSION = YES;
				CLANG_WARN_OBJC_ROOT_CLASS = YES_ERROR;
				CLANG_WARN_QUOTED_INCLUDE_IN_FRAMEWORK_HEADER = YES;
				CLANG_WARN_RANGE_LOOP_ANALYSIS = YES;
				CLANG_WARN_STRICT_PROTOTYPES = YES;
				CLANG_WARN_SUSPICIOUS_MOVE = YES;
				CLANG_WARN_UNGUARDED_AVAILABILITY = YES_AGGRESSIVE;
				CLANG_WARN_UNREACHABLE_CODE = YES;
				CLANG_WARN__DUPLICATE_METHOD_MATCH = YES;
				COPY_PHASE_STRIP = NO;
				DEBUG_INFORMATION_FORMAT = "dwarf-with-dsym";
				DEVELOPMENT_TEAM = 7FF959KWLN;
				ENABLE_NS_ASSERTIONS = NO;
				ENABLE_STRICT_OBJC_MSGSEND = YES;
				ENABLE_USER_SCRIPT_SANDBOXING = YES;
				GCC_C_LANGUAGE_STANDARD = gnu17;
				GCC_NO_COMMON_BLOCKS = YES;
				GCC_WARN_64_TO_32_BIT_CONVERSION = YES;
				GCC_WARN_ABOUT_RETURN_TYPE = YES_ERROR;
				GCC_WARN_UNDECLARED_SELECTOR = YES;
				GCC_WARN_UNINITIALIZED_AUTOS = YES_AGGRESSIVE;
				GCC_WARN_UNUSED_FUNCTION = YES;
				GCC_WARN_UNUSED_VARIABLE = YES;
				IPHONEOS_DEPLOYMENT_TARGET = 26.0;
				LOCALIZATION_PREFERS_STRING_CATALOGS = YES;
				MTL_ENABLE_DEBUG_INFO = NO;
				MTL_FAST_MATH = YES;
				SDKROOT = iphoneos;
				STRING_CATALOG_GENERATE_SYMBOLS = YES;
				SWIFT_COMPILATION_MODE = wholemodule;
				VALIDATE_PRODUCT = YES;
			};
			name = Release;
		};
		34D8457B3005421700731F4F /* Debug */ = {
			isa = XCBuildConfiguration;
			buildSettings = {
				ASSETCATALOG_COMPILER_APPICON_NAME = AppIcon;
				ASSETCATALOG_COMPILER_GLOBAL_ACCENT_COLOR_NAME = AccentColor;
				CODE_SIGN_ENTITLEMENTS = splitr/splitr.entitlements;
				CODE_SIGN_STYLE = Automatic;
				CURRENT_PROJECT_VERSION = 1;
				DEVELOPMENT_TEAM = MK95FD5BXA;
				ENABLE_PREVIEWS = YES;
				GENERATE_INFOPLIST_FILE = YES;
				INFOPLIST_FILE = splitr/Info.plist;
				INFOPLIST_KEY_LSApplicationCategoryType = "public.app-category.finance";
				INFOPLIST_KEY_NSCameraUsageDescription = "splitr needs the camera to scan your receipt.";
				INFOPLIST_KEY_NSLocalNetworkUsageDescription = "splitr uses the local network to connect with nearby iPhones so friends can join your bill room.";
				INFOPLIST_KEY_NSNearbyInteractionUsageDescription = "splitr uses your iPhone's precise location to let friends join your bill room by bringing their phone close to yours.";
				INFOPLIST_KEY_NSPhotoLibraryUsageDescription = "splitr needs access to your photo library to let you pick an existing receipt.";
				INFOPLIST_KEY_UIApplicationSceneManifest_Generation = YES;
				INFOPLIST_KEY_UIApplicationSupportsIndirectInputEvents = YES;
				INFOPLIST_KEY_UILaunchScreen_Generation = YES;
				INFOPLIST_KEY_UISupportedInterfaceOrientations = UIInterfaceOrientationPortrait;
				INFOPLIST_KEY_UISupportedInterfaceOrientations_iPad = "UIInterfaceOrientationLandscapeLeft UIInterfaceOrientationLandscapeRight UIInterfaceOrientationPortrait UIInterfaceOrientationPortraitUpsideDown";
				IPHONEOS_DEPLOYMENT_TARGET = 26.0;
				LD_RUNPATH_SEARCH_PATHS = (
					"$(inherited)",
					"@executable_path/Frameworks",
				);
				MARKETING_VERSION = 1.1;
				PRODUCT_BUNDLE_IDENTIFIER = com.c4.splitr.husni;
				PRODUCT_NAME = "$(TARGET_NAME)";
				STRING_CATALOG_GENERATE_SYMBOLS = YES;
				SUPPORTED_PLATFORMS = "iphoneos iphonesimulator";
				SUPPORTS_MACCATALYST = NO;
				SUPPORTS_MAC_DESIGNED_FOR_IPHONE_IPAD = NO;
				SUPPORTS_XR_DESIGNED_FOR_IPHONE_IPAD = NO;
				SWIFT_APPROACHABLE_CONCURRENCY = YES;
				SWIFT_DEFAULT_ACTOR_ISOLATION = MainActor;
				SWIFT_EMIT_LOC_STRINGS = YES;
				SWIFT_UPCOMING_FEATURE_MEMBER_IMPORT_VISIBILITY = YES;
				SWIFT_VERSION = 5.0;
				TARGETED_DEVICE_FAMILY = "1,2";
			};
			name = Debug;
		};
		34D8457C3005421700731F4F /* Release */ = {
			isa = XCBuildConfiguration;
			buildSettings = {
				ASSETCATALOG_COMPILER_APPICON_NAME = AppIcon;
				ASSETCATALOG_COMPILER_GLOBAL_ACCENT_COLOR_NAME = AccentColor;
				CODE_SIGN_ENTITLEMENTS = splitr/splitr.entitlements;
				CODE_SIGN_STYLE = Automatic;
				CURRENT_PROJECT_VERSION = 1;
				DEVELOPMENT_TEAM = MK95FD5BXA;
				ENABLE_PREVIEWS = YES;
				GENERATE_INFOPLIST_FILE = YES;
				INFOPLIST_FILE = splitr/Info.plist;
				INFOPLIST_KEY_LSApplicationCategoryType = "public.app-category.finance";
				INFOPLIST_KEY_NSCameraUsageDescription = "splitr needs the camera to scan your receipt.";
				INFOPLIST_KEY_NSLocalNetworkUsageDescription = "splitr uses the local network to connect with nearby iPhones so friends can join your bill room.";
				INFOPLIST_KEY_NSNearbyInteractionUsageDescription = "splitr uses your iPhone's precise location to let friends join your bill room by bringing their phone close to yours.";
				INFOPLIST_KEY_NSPhotoLibraryUsageDescription = "splitr needs access to your photo library to let you pick an existing receipt.";
				INFOPLIST_KEY_UIApplicationSceneManifest_Generation = YES;
				INFOPLIST_KEY_UIApplicationSupportsIndirectInputEvents = YES;
				INFOPLIST_KEY_UILaunchScreen_Generation = YES;
				INFOPLIST_KEY_UISupportedInterfaceOrientations = UIInterfaceOrientationPortrait;
				INFOPLIST_KEY_UISupportedInterfaceOrientations_iPad = "UIInterfaceOrientationLandscapeLeft UIInterfaceOrientationLandscapeRight UIInterfaceOrientationPortrait UIInterfaceOrientationPortraitUpsideDown";
				IPHONEOS_DEPLOYMENT_TARGET = 26.0;
				LD_RUNPATH_SEARCH_PATHS = (
					"$(inherited)",
					"@executable_path/Frameworks",
				);
				MARKETING_VERSION = 1.1;
				PRODUCT_BUNDLE_IDENTIFIER = com.c4.splitr.husni;
				PRODUCT_NAME = "$(TARGET_NAME)";
				STRING_CATALOG_GENERATE_SYMBOLS = YES;
				SUPPORTED_PLATFORMS = "iphoneos iphonesimulator";
				SUPPORTS_MACCATALYST = NO;
				SUPPORTS_MAC_DESIGNED_FOR_IPHONE_IPAD = NO;
				SUPPORTS_XR_DESIGNED_FOR_IPHONE_IPAD = NO;
				SWIFT_APPROACHABLE_CONCURRENCY = YES;
				SWIFT_DEFAULT_ACTOR_ISOLATION = MainActor;
				SWIFT_EMIT_LOC_STRINGS = YES;
				SWIFT_UPCOMING_FEATURE_MEMBER_IMPORT_VISIBILITY = YES;
				SWIFT_VERSION = 5.0;
				TARGETED_DEVICE_FAMILY = "1,2";
			};
			name = Release;
		};
		34D8457E3005421700731F4F /* Debug */ = {
			isa = XCBuildConfiguration;
			buildSettings = {
				BUNDLE_LOADER = "$(TEST_HOST)";
				CODE_SIGN_STYLE = Automatic;
				CURRENT_PROJECT_VERSION = 1;
				DEVELOPMENT_TEAM = MK95FD5BXA;
				GENERATE_INFOPLIST_FILE = YES;
				IPHONEOS_DEPLOYMENT_TARGET = 26.0;
				MARKETING_VERSION = 1.0;
				PRODUCT_BUNDLE_IDENTIFIER = com.c4.splitr.husni;
				PRODUCT_NAME = "$(TARGET_NAME)";
				STRING_CATALOG_GENERATE_SYMBOLS = NO;
				SWIFT_APPROACHABLE_CONCURRENCY = YES;
				SWIFT_EMIT_LOC_STRINGS = NO;
				SWIFT_UPCOMING_FEATURE_MEMBER_IMPORT_VISIBILITY = YES;
				SWIFT_VERSION = 5.0;
				TARGETED_DEVICE_FAMILY = "1,2";
				TEST_HOST = "$(BUILT_PRODUCTS_DIR)/splitr.app/$(BUNDLE_EXECUTABLE_FOLDER_PATH)/splitr";
			};
			name = Debug;
		};
		34D8457F3005421700731F4F /* Release */ = {
			isa = XCBuildConfiguration;
			buildSettings = {
				BUNDLE_LOADER = "$(TEST_HOST)";
				CODE_SIGN_STYLE = Automatic;
				CURRENT_PROJECT_VERSION = 1;
				DEVELOPMENT_TEAM = MK95FD5BXA;
				GENERATE_INFOPLIST_FILE = YES;
				IPHONEOS_DEPLOYMENT_TARGET = 26.0;
				MARKETING_VERSION = 1.0;
				PRODUCT_BUNDLE_IDENTIFIER = com.c4.splitr.husni;
				PRODUCT_NAME = "$(TARGET_NAME)";
				STRING_CATALOG_GENERATE_SYMBOLS = NO;
				SWIFT_APPROACHABLE_CONCURRENCY = YES;
				SWIFT_EMIT_LOC_STRINGS = NO;
				SWIFT_UPCOMING_FEATURE_MEMBER_IMPORT_VISIBILITY = YES;
				SWIFT_VERSION = 5.0;
				TARGETED_DEVICE_FAMILY = "1,2";
				TEST_HOST = "$(BUILT_PRODUCTS_DIR)/splitr.app/$(BUNDLE_EXECUTABLE_FOLDER_PATH)/splitr";
			};
			name = Release;
		};
		34E50C82300FACC9000B30AF /* Debug */ = {
			isa = XCBuildConfiguration;
			buildSettings = {
				ASSETCATALOG_COMPILER_APPICON_NAME = AppIcon;
				ASSETCATALOG_COMPILER_GLOBAL_ACCENT_COLOR_NAME = AccentColor;
				CODE_SIGN_ENTITLEMENTS = SplitrClip/SplitrClip.entitlements;
				CODE_SIGN_STYLE = Automatic;
				CURRENT_PROJECT_VERSION = 1;
				DEVELOPMENT_TEAM = MK95FD5BXA;
				ENABLE_PREVIEWS = YES;
				GENERATE_INFOPLIST_FILE = YES;
				INFOPLIST_FILE = SplitrClip/Info.plist;
				INFOPLIST_KEY_CFBundleDisplayName = splitr;
				INFOPLIST_KEY_UIApplicationSceneManifest_Generation = YES;
				INFOPLIST_KEY_UIApplicationSupportsIndirectInputEvents = YES;
				INFOPLIST_KEY_UILaunchScreen_Generation = YES;
				INFOPLIST_KEY_UISupportedInterfaceOrientations_iPad = "UIInterfaceOrientationPortrait UIInterfaceOrientationPortraitUpsideDown UIInterfaceOrientationLandscapeLeft UIInterfaceOrientationLandscapeRight";
				INFOPLIST_KEY_UISupportedInterfaceOrientations_iPhone = "UIInterfaceOrientationPortrait UIInterfaceOrientationLandscapeLeft UIInterfaceOrientationLandscapeRight";
				IPHONEOS_DEPLOYMENT_TARGET = 26.0;
				LD_RUNPATH_SEARCH_PATHS = (
					"$(inherited)",
					"@executable_path/Frameworks",
				);
				MARKETING_VERSION = 1.1;
				PRODUCT_BUNDLE_IDENTIFIER = com.c4.splitr.husni.Clip;
				PRODUCT_NAME = "$(TARGET_NAME)";
				STRING_CATALOG_GENERATE_SYMBOLS = YES;
				SUPPORTED_PLATFORMS = "iphoneos iphonesimulator";
				SUPPORTS_MACCATALYST = NO;
				SUPPORTS_MAC_DESIGNED_FOR_IPHONE_IPAD = NO;
				SUPPORTS_XR_DESIGNED_FOR_IPHONE_IPAD = NO;
				SWIFT_APPROACHABLE_CONCURRENCY = YES;
				SWIFT_DEFAULT_ACTOR_ISOLATION = MainActor;
				SWIFT_EMIT_LOC_STRINGS = YES;
				SWIFT_UPCOMING_FEATURE_MEMBER_IMPORT_VISIBILITY = YES;
				SWIFT_VERSION = 5.0;
				TARGETED_DEVICE_FAMILY = "1,2";
			};
			name = Debug;
		};
		34E50C83300FACC9000B30AF /* Release */ = {
			isa = XCBuildConfiguration;
			buildSettings = {
				ASSETCATALOG_COMPILER_APPICON_NAME = AppIcon;
				ASSETCATALOG_COMPILER_GLOBAL_ACCENT_COLOR_NAME = AccentColor;
				CODE_SIGN_ENTITLEMENTS = SplitrClip/SplitrClip.entitlements;
				CODE_SIGN_STYLE = Automatic;
				CURRENT_PROJECT_VERSION = 1;
				DEVELOPMENT_TEAM = MK95FD5BXA;
				ENABLE_PREVIEWS = YES;
				GENERATE_INFOPLIST_FILE = YES;
				INFOPLIST_FILE = SplitrClip/Info.plist;
				INFOPLIST_KEY_CFBundleDisplayName = splitr;
				INFOPLIST_KEY_UIApplicationSceneManifest_Generation = YES;
				INFOPLIST_KEY_UIApplicationSupportsIndirectInputEvents = YES;
				INFOPLIST_KEY_UILaunchScreen_Generation = YES;
				INFOPLIST_KEY_UISupportedInterfaceOrientations_iPad = "UIInterfaceOrientationPortrait UIInterfaceOrientationPortraitUpsideDown UIInterfaceOrientationLandscapeLeft UIInterfaceOrientationLandscapeRight";
				INFOPLIST_KEY_UISupportedInterfaceOrientations_iPhone = "UIInterfaceOrientationPortrait UIInterfaceOrientationLandscapeLeft UIInterfaceOrientationLandscapeRight";
				IPHONEOS_DEPLOYMENT_TARGET = 26.0;
				LD_RUNPATH_SEARCH_PATHS = (
					"$(inherited)",
					"@executable_path/Frameworks",
				);
				MARKETING_VERSION = 1.1;
				PRODUCT_BUNDLE_IDENTIFIER = com.c4.splitr.husni.Clip;
				PRODUCT_NAME = "$(TARGET_NAME)";
				STRING_CATALOG_GENERATE_SYMBOLS = YES;
				SUPPORTED_PLATFORMS = "iphoneos iphonesimulator";
				SUPPORTS_MACCATALYST = NO;
				SUPPORTS_MAC_DESIGNED_FOR_IPHONE_IPAD = NO;
				SUPPORTS_XR_DESIGNED_FOR_IPHONE_IPAD = NO;
				SWIFT_APPROACHABLE_CONCURRENCY = YES;
				SWIFT_DEFAULT_ACTOR_ISOLATION = MainActor;
				SWIFT_EMIT_LOC_STRINGS = YES;
				SWIFT_UPCOMING_FEATURE_MEMBER_IMPORT_VISIBILITY = YES;
				SWIFT_VERSION = 5.0;
				TARGETED_DEVICE_FAMILY = "1,2";
			};
			name = Release;
		};
/* End XCBuildConfiguration section */

/* Begin XCConfigurationList section */
		34D845543005421600731F4F /* Build configuration list for PBXProject "splitr" */ = {
			isa = XCConfigurationList;
			buildConfigurations = (
				34D845783005421700731F4F /* Debug */,
				34D845793005421700731F4F /* Release */,
			);
			defaultConfigurationIsVisible = 0;
			defaultConfigurationName = Release;
		};
		34D8457A3005421700731F4F /* Build configuration list for PBXNativeTarget "splitr" */ = {
			isa = XCConfigurationList;
			buildConfigurations = (
				34D8457B3005421700731F4F /* Debug */,
				34D8457C3005421700731F4F /* Release */,
			);
			defaultConfigurationIsVisible = 0;
			defaultConfigurationName = Release;
		};
		34D8457D3005421700731F4F /* Build configuration list for PBXNativeTarget "splitrTests" */ = {
			isa = XCConfigurationList;
			buildConfigurations = (
				34D8457E3005421700731F4F /* Debug */,
				34D8457F3005421700731F4F /* Release */,
			);
			defaultConfigurationIsVisible = 0;
			defaultConfigurationName = Release;
		};
		34E50C84300FACC9000B30AF /* Build configuration list for PBXNativeTarget "SplitrClip" */ = {
			isa = XCConfigurationList;
			buildConfigurations = (
				34E50C82300FACC9000B30AF /* Debug */,
				34E50C83300FACC9000B30AF /* Release */,
			);
			defaultConfigurationIsVisible = 0;
			defaultConfigurationName = Release;
		};
/* End XCConfigurationList section */

/* Begin XCLocalSwiftPackageReference section */
		34D845923005430000731F4F /* XCLocalSwiftPackageReference "Packages/SplitBillCore" */ = {
			isa = XCLocalSwiftPackageReference;
			relativePath = Packages/SplitBillCore;
		};
		34D845943005430000731F4F /* XCLocalSwiftPackageReference "Packages/SplitBillSync" */ = {
			isa = XCLocalSwiftPackageReference;
			relativePath = Packages/SplitBillSync;
		};
		34E50C89300FCCB5000B30AF /* XCLocalSwiftPackageReference "Packages/SplitBillRelay" */ = {
			isa = XCLocalSwiftPackageReference;
			relativePath = Packages/SplitBillRelay;
		};
/* End XCLocalSwiftPackageReference section */

/* Begin XCSwiftPackageProductDependency section */
		34D845913005430000731F4F /* SplitBillCore */ = {
			isa = XCSwiftPackageProductDependency;
			productName = SplitBillCore;
		};
		34D845953005430000731F4F /* SplitBillSync */ = {
			isa = XCSwiftPackageProductDependency;
			productName = SplitBillSync;
		};
		34E50C87300FBD66000B30AF /* SplitBillCore */ = {
			isa = XCSwiftPackageProductDependency;
			package = 34D845923005430000731F4F /* XCLocalSwiftPackageReference "Packages/SplitBillCore" */;
			productName = SplitBillCore;
		};
		34E50C8A300FCD2A000B30AF /* SplitBillRelay */ = {
			isa = XCSwiftPackageProductDependency;
			package = 34E50C89300FCCB5000B30AF /* XCLocalSwiftPackageReference "Packages/SplitBillRelay" */;
			productName = SplitBillRelay;
		};
		34E50C8C300FD157000B30AF /* SplitBillRelay */ = {
			isa = XCSwiftPackageProductDependency;
			package = 34E50C89300FCCB5000B30AF /* XCLocalSwiftPackageReference "Packages/SplitBillRelay" */;
			productName = SplitBillRelay;
		};
/* End XCSwiftPackageProductDependency section */
	};
	rootObject = 34D845513005421600731F4F /* Project object */;
}
